// !$*UTF8*$!
{
	archiveVersion = 1;
	classes = {
	};
	objectVersion = 51;
	objects = {

/* Begin PBXBuildFile section */
		E2050F24239B43DB0009D0EC /* RoundedButton.swift in Sources */ = {isa = PBXBuildFile; fileRef = E2050F23239B43DB0009D0EC /* RoundedButton.swift */; };
		E20F1D8823AA80E90000DC17 /* PhotosViewController.swift in Sources */ = {isa = PBXBuildFile; fileRef = E20F1D8723AA80E90000DC17 /* PhotosViewController.swift */; };
		E24AE890238BB809008A6EFF /* SWRevealViewController.m in Sources */ = {isa = PBXBuildFile; fileRef = E24AE88F238BB809008A6EFF /* SWRevealViewController.m */; };
		E24AE894238BC377008A6EFF /* ChatVC.swift in Sources */ = {isa = PBXBuildFile; fileRef = E24AE893238BC377008A6EFF /* ChatVC.swift */; };
		E24AE896238BC39E008A6EFF /* ChannelVC.swift in Sources */ = {isa = PBXBuildFile; fileRef = E24AE895238BC39E008A6EFF /* ChannelVC.swift */; };
		E28FFBE723A216050092F289 /* AvatarPickerVC.swift in Sources */ = {isa = PBXBuildFile; fileRef = E28FFBE623A216050092F289 /* AvatarPickerVC.swift */; };
		E28FFBE923A21B110092F289 /* AvatarCell.swift in Sources */ = {isa = PBXBuildFile; fileRef = E28FFBE823A21B110092F289 /* AvatarCell.swift */; };
		E2A26A952399E2FC0002BA3A /* AuthenticateServices.swift in Sources */ = {isa = PBXBuildFile; fileRef = E2A26A942399E2FC0002BA3A /* AuthenticateServices.swift */; };
		E2ABB581238ACA3A00AAEE84 /* AppDelegate.swift in Sources */ = {isa = PBXBuildFile; fileRef = E2ABB580238ACA3A00AAEE84 /* AppDelegate.swift */; };
		E2ABB583238ACA3A00AAEE84 /* SceneDelegate.swift in Sources */ = {isa = PBXBuildFile; fileRef = E2ABB582238ACA3A00AAEE84 /* SceneDelegate.swift */; };
		E2ABB588238ACA3A00AAEE84 /* Main.storyboard in Resources */ = {isa = PBXBuildFile; fileRef = E2ABB586238ACA3A00AAEE84 /* Main.storyboard */; };
		E2ABB58A238ACA3B00AAEE84 /* Assets.xcassets in Resources */ = {isa = PBXBuildFile; fileRef = E2ABB589238ACA3B00AAEE84 /* Assets.xcassets */; };
		E2ABB58D238ACA3B00AAEE84 /* LaunchScreen.storyboard in Resources */ = {isa = PBXBuildFile; fileRef = E2ABB58B238ACA3B00AAEE84 /* LaunchScreen.storyboard */; };
		E2D7B84E238D898200B98044 /* CreatAccountVC.swift in Sources */ = {isa = PBXBuildFile; fileRef = E2D7B84D238D898200B98044 /* CreatAccountVC.swift */; };
		E2DB5FB823B064C4002D502E /* GoogleService-Info.plist in Resources */ = {isa = PBXBuildFile; fileRef = E2DB5FB723B064C4002D502E /* GoogleService-Info.plist */; };
		E2E3E81923B490D600D652E8 /* CurrentUserFirebase.swift in Sources */ = {isa = PBXBuildFile; fileRef = E2E3E81823B490D600D652E8 /* CurrentUserFirebase.swift */; };
		E2E427E823AAF16100130044 /* PhotoCell.swift in Sources */ = {isa = PBXBuildFile; fileRef = E2E427E723AAF16100130044 /* PhotoCell.swift */; };
		E2EA2FE2239F3CE300C2EDB2 /* UserDataService.swift in Sources */ = {isa = PBXBuildFile; fileRef = E2EA2FE1239F3CE300C2EDB2 /* UserDataService.swift */; };
		E2F023BB23B3A7B0006EA51B /* CircleImage.swift in Sources */ = {isa = PBXBuildFile; fileRef = E2F023BA23B3A7B0006EA51B /* CircleImage.swift */; };
		E2F4160C238C027800324E60 /* GradientView.swift in Sources */ = {isa = PBXBuildFile; fileRef = E2F4160B238C027800324E60 /* GradientView.swift */; };
		E2F4160F238C1D1B00324E60 /* Constants.swift in Sources */ = {isa = PBXBuildFile; fileRef = E2F4160E238C1D1B00324E60 /* Constants.swift */; };
		E2F41611238C2D6C00324E60 /* LoginVC.swift in Sources */ = {isa = PBXBuildFile; fileRef = E2F41610238C2D6C00324E60 /* LoginVC.swift */; };
		F3F1D20DA5290A0DD8704559 /* Pods_SmackChat.framework in Frameworks */ = {isa = PBXBuildFile; fileRef = 42FB214C3A61662FA9F10516 /* Pods_SmackChat.framework */; };
/* End PBXBuildFile section */

/* Begin PBXFileReference section */
		42FB214C3A61662FA9F10516 /* Pods_SmackChat.framework */ = {isa = PBXFileReference; explicitFileType = wrapper.framework; includeInIndex = 0; path = Pods_SmackChat.framework; sourceTree = BUILT_PRODUCTS_DIR; };
		483FFF3248D6022664D06EF8 /* Pods-SmackChat.release.xcconfig */ = {isa = PBXFileReference; includeInIndex = 1; lastKnownFileType = text.xcconfig; name = "Pods-SmackChat.release.xcconfig"; path = "Target Support Files/Pods-SmackChat/Pods-SmackChat.release.xcconfig"; sourceTree = "<group>"; };
		79FA82AA609152F883547E46 /* Pods-SmackChat.debug.xcconfig */ = {isa = PBXFileReference; includeInIndex = 1; lastKnownFileType = text.xcconfig; name = "Pods-SmackChat.debug.xcconfig"; path = "Target Support Files/Pods-SmackChat/Pods-SmackChat.debug.xcconfig"; sourceTree = "<group>"; };
		E2050F23239B43DB0009D0EC /* RoundedButton.swift */ = {isa = PBXFileReference; lastKnownFileType = sourcecode.swift; path = RoundedButton.swift; sourceTree = "<group>"; };
		E20F1D8723AA80E90000DC17 /* PhotosViewController.swift */ = {isa = PBXFileReference; lastKnownFileType = sourcecode.swift; path = PhotosViewController.swift; sourceTree = "<group>"; };
		E24AE88D238BB809008A6EFF /* SmackChat-Bridging-Header.h */ = {isa = PBXFileReference; lastKnownFileType = sourcecode.c.h; path = "SmackChat-Bridging-Header.h"; sourceTree = "<group>"; };
		E24AE88E238BB809008A6EFF /* SWRevealViewController.h */ = {isa = PBXFileReference; fileEncoding = 4; lastKnownFileType = sourcecode.c.h; name = SWRevealViewController.h; path = "SWRevealViewController-master/SWRevealViewController/SWRevealViewController.h"; sourceTree = SOURCE_ROOT; };
		E24AE88F238BB809008A6EFF /* SWRevealViewController.m */ = {isa = PBXFileReference; fileEncoding = 4; lastKnownFileType = sourcecode.c.objc; name = SWRevealViewController.m; path = "SWRevealViewController-master/SWRevealViewController/SWRevealViewController.m"; sourceTree = SOURCE_ROOT; };
		E24AE893238BC377008A6EFF /* ChatVC.swift */ = {isa = PBXFileReference; lastKnownFileType = sourcecode.swift; path = ChatVC.swift; sourceTree = "<group>"; };
		E24AE895238BC39E008A6EFF /* ChannelVC.swift */ = {isa = PBXFileReference; lastKnownFileType = sourcecode.swift; path = ChannelVC.swift; sourceTree = "<group>"; };
		E28FFBE623A216050092F289 /* AvatarPickerVC.swift */ = {isa = PBXFileReference; lastKnownFileType = sourcecode.swift; path = AvatarPickerVC.swift; sourceTree = "<group>"; };
		E28FFBE823A21B110092F289 /* AvatarCell.swift */ = {isa = PBXFileReference; lastKnownFileType = sourcecode.swift; path = AvatarCell.swift; sourceTree = "<group>"; };
		E2A26A942399E2FC0002BA3A /* AuthenticateServices.swift */ = {isa = PBXFileReference; lastKnownFileType = sourcecode.swift; path = AuthenticateServices.swift; sourceTree = "<group>"; };
		E2ABB57D238ACA3A00AAEE84 /* SmackChat.app */ = {isa = PBXFileReference; explicitFileType = wrapper.application; includeInIndex = 0; path = SmackChat.app; sourceTree = BUILT_PRODUCTS_DIR; };
		E2ABB580238ACA3A00AAEE84 /* AppDelegate.swift */ = {isa = PBXFileReference; lastKnownFileType = sourcecode.swift; path = AppDelegate.swift; sourceTree = "<group>"; };
		E2ABB582238ACA3A00AAEE84 /* SceneDelegate.swift */ = {isa = PBXFileReference; lastKnownFileType = sourcecode.swift; path = SceneDelegate.swift; sourceTree = "<group>"; };
		E2ABB587238ACA3A00AAEE84 /* Base */ = {isa = PBXFileReference; lastKnownFileType = file.storyboard; name = Base; path = Base.lproj/Main.storyboard; sourceTree = "<group>"; };
		E2ABB589238ACA3B00AAEE84 /* Assets.xcassets */ = {isa = PBXFileReference; lastKnownFileType = folder.assetcatalog; path = Assets.xcassets; sourceTree = "<group>"; };
		E2ABB58C238ACA3B00AAEE84 /* Base */ = {isa = PBXFileReference; lastKnownFileType = file.storyboard; name = Base; path = Base.lproj/LaunchScreen.storyboard; sourceTree = "<group>"; };
		E2ABB58E238ACA3B00AAEE84 /* Info.plist */ = {isa = PBXFileReference; lastKnownFileType = text.plist.xml; path = Info.plist; sourceTree = "<group>"; };
		E2D7B84D238D898200B98044 /* CreatAccountVC.swift */ = {isa = PBXFileReference; lastKnownFileType = sourcecode.swift; path = CreatAccountVC.swift; sourceTree = "<group>"; };
		E2DB5FB723B064C4002D502E /* GoogleService-Info.plist */ = {isa = PBXFileReference; lastKnownFileType = text.plist; path = "GoogleService-Info.plist"; sourceTree = SOURCE_ROOT; };
		E2E3E81823B490D600D652E8 /* CurrentUserFirebase.swift */ = {isa = PBXFileReference; lastKnownFileType = sourcecode.swift; path = CurrentUserFirebase.swift; sourceTree = "<group>"; };
		E2E427E723AAF16100130044 /* PhotoCell.swift */ = {isa = PBXFileReference; lastKnownFileType = sourcecode.swift; path = PhotoCell.swift; sourceTree = "<group>"; };
		E2EA2FE1239F3CE300C2EDB2 /* UserDataService.swift */ = {isa = PBXFileReference; lastKnownFileType = sourcecode.swift; path = UserDataService.swift; sourceTree = "<group>"; };
		E2F023BA23B3A7B0006EA51B /* CircleImage.swift */ = {isa = PBXFileReference; lastKnownFileType = sourcecode.swift; path = CircleImage.swift; sourceTree = "<group>"; };
		E2F4160B238C027800324E60 /* GradientView.swift */ = {isa = PBXFileReference; lastKnownFileType = sourcecode.swift; path = GradientView.swift; sourceTree = "<group>"; };
		E2F4160E238C1D1B00324E60 /* Constants.swift */ = {isa = PBXFileReference; lastKnownFileType = sourcecode.swift; path = Constants.swift; sourceTree = "<group>"; };
		E2F41610238C2D6C00324E60 /* LoginVC.swift */ = {isa = PBXFileReference; lastKnownFileType = sourcecode.swift; path = LoginVC.swift; sourceTree = "<group>"; };
/* End PBXFileReference section */

/* Begin PBXFrameworksBuildPhase section */
		E2ABB57A238ACA3A00AAEE84 /* Frameworks */ = {
			isa = PBXFrameworksBuildPhase;
			buildActionMask = 2147483647;
			files = (
				F3F1D20DA5290A0DD8704559 /* Pods_SmackChat.framework in Frameworks */,
			);
			runOnlyForDeploymentPostprocessing = 0;
		};
/* End PBXFrameworksBuildPhase section */

/* Begin PBXGroup section */
		AE9E25BFA08A83E96E764C41 /* Frameworks */ = {
			isa = PBXGroup;
			children = (
				42FB214C3A61662FA9F10516 /* Pods_SmackChat.framework */,
			);
			name = Frameworks;
			sourceTree = "<group>";
		};
		C06AC501529227F00F9E7A14 /* Pods */ = {
			isa = PBXGroup;
			children = (
				79FA82AA609152F883547E46 /* Pods-SmackChat.debug.xcconfig */,
				483FFF3248D6022664D06EF8 /* Pods-SmackChat.release.xcconfig */,
			);
			path = Pods;
			sourceTree = "<group>";
		};
		E24AE88C238BB7D7008A6EFF /* Supporting Files */ = {
			isa = PBXGroup;
			children = (
				E24AE88E238BB809008A6EFF /* SWRevealViewController.h */,
				E24AE88F238BB809008A6EFF /* SWRevealViewController.m */,
				E24AE88D238BB809008A6EFF /* SmackChat-Bridging-Header.h */,
			);
			path = "Supporting Files";
			sourceTree = "<group>";
		};
		E24AE892238BBB0F008A6EFF /* Model */ = {
			isa = PBXGroup;
			children = (
			);
			path = Model;
			sourceTree = "<group>";
		};
		E2A26A932399E2CC0002BA3A /* Services */ = {
			isa = PBXGroup;
			children = (
				E2A26A942399E2FC0002BA3A /* AuthenticateServices.swift */,
				E2EA2FE1239F3CE300C2EDB2 /* UserDataService.swift */,
				E2E3E81823B490D600D652E8 /* CurrentUserFirebase.swift */,
			);
			path = Services;
			sourceTree = "<group>";
		};
		E2ABB574238ACA3A00AAEE84 = {
			isa = PBXGroup;
			children = (
				E2ABB57F238ACA3A00AAEE84 /* SmackChat */,
				E2ABB57E238ACA3A00AAEE84 /* Products */,
				C06AC501529227F00F9E7A14 /* Pods */,
				AE9E25BFA08A83E96E764C41 /* Frameworks */,
			);
			sourceTree = "<group>";
		};
		E2ABB57E238ACA3A00AAEE84 /* Products */ = {
			isa = PBXGroup;
			children = (
				E2ABB57D238ACA3A00AAEE84 /* SmackChat.app */,
			);
			name = Products;
			sourceTree = "<group>";
		};
		E2ABB57F238ACA3A00AAEE84 /* SmackChat */ = {
			isa = PBXGroup;
			children = (
				E2A26A932399E2CC0002BA3A /* Services */,
				E2F4160D238C1CF900324E60 /* Utilities */,
				E2ABB594238ACA5200AAEE84 /* Controller */,
				E24AE892238BBB0F008A6EFF /* Model */,
				E2F4160A238C023200324E60 /* View models */,
				E2ABB595238ACA7100AAEE84 /* Views */,
				E24AE88C238BB7D7008A6EFF /* Supporting Files */,
				E2ABB589238ACA3B00AAEE84 /* Assets.xcassets */,
				E2ABB58B238ACA3B00AAEE84 /* LaunchScreen.storyboard */,
				E2ABB58E238ACA3B00AAEE84 /* Info.plist */,
				E2DB5FB723B064C4002D502E /* GoogleService-Info.plist */,
			);
			path = SmackChat;
			sourceTree = "<group>";
		};
		E2ABB594238ACA5200AAEE84 /* Controller */ = {
			isa = PBXGroup;
			children = (
				E2ABB580238ACA3A00AAEE84 /* AppDelegate.swift */,
				E2ABB582238ACA3A00AAEE84 /* SceneDelegate.swift */,
				E2D7B84D238D898200B98044 /* CreatAccountVC.swift */,
				E24AE893238BC377008A6EFF /* ChatVC.swift */,
				E2F41610238C2D6C00324E60 /* LoginVC.swift */,
				E24AE895238BC39E008A6EFF /* ChannelVC.swift */,
				E28FFBE623A216050092F289 /* AvatarPickerVC.swift */,
				E20F1D8723AA80E90000DC17 /* PhotosViewController.swift */,
			);
			path = Controller;
			sourceTree = "<group>";
		};
		E2ABB595238ACA7100AAEE84 /* Views */ = {
			isa = PBXGroup;
			children = (
				E2ABB586238ACA3A00AAEE84 /* Main.storyboard */,
			);
			path = Views;
			sourceTree = "<group>";
		};
		E2F4160A238C023200324E60 /* View models */ = {
			isa = PBXGroup;
			children = (
				E2F4160B238C027800324E60 /* GradientView.swift */,
				E2050F23239B43DB0009D0EC /* RoundedButton.swift */,
				E28FFBE823A21B110092F289 /* AvatarCell.swift */,
				E2E427E723AAF16100130044 /* PhotoCell.swift */,
				E2F023BA23B3A7B0006EA51B /* CircleImage.swift */,
			);
			path = "View models";
			sourceTree = "<group>";
		};
		E2F4160D238C1CF900324E60 /* Utilities */ = {
			isa = PBXGroup;
			children = (
				E2F4160E238C1D1B00324E60 /* Constants.swift */,
			);
			path = Utilities;
			sourceTree = "<group>";
		};
/* End PBXGroup section */

/* Begin PBXNativeTarget section */
		E2ABB57C238ACA3A00AAEE84 /* SmackChat */ = {
			isa = PBXNativeTarget;
			buildConfigurationList = E2ABB591238ACA3B00AAEE84 /* Build configuration list for PBXNativeTarget "SmackChat" */;
			buildPhases = (
				4C6E211EF7606A774734A2DB /* [CP] Check Pods Manifest.lock */,
				E2ABB579238ACA3A00AAEE84 /* Sources */,
				E2ABB57A238ACA3A00AAEE84 /* Frameworks */,
				E2ABB57B238ACA3A00AAEE84 /* Resources */,
				2C0C5508D2C94C6A4D8943ED /* [CP] Embed Pods Frameworks */,
			);
			buildRules = (
			);
			dependencies = (
			);
			name = SmackChat;
			productName = SmackChat;
			productReference = E2ABB57D238ACA3A00AAEE84 /* SmackChat.app */;
			productType = "com.apple.product-type.application";
		};
/* End PBXNativeTarget section */

/* Begin PBXProject section */
		E2ABB575238ACA3A00AAEE84 /* Project object */ = {
			isa = PBXProject;
			attributes = {
				KnownAssetTags = (
					0,
					1,
					10,
					11,
					12,
					13,
					2,
					3,
					4,
					5,
					6,
					7,
					8,
					9,
				);
				LastSwiftUpdateCheck = 1110;
				LastUpgradeCheck = 1110;
				ORGANIZATIONNAME = Ahmed;
				TargetAttributes = {
					E2ABB57C238ACA3A00AAEE84 = {
						CreatedOnToolsVersion = 11.1;
						LastSwiftMigration = 1110;
					};
				};
			};
			buildConfigurationList = E2ABB578238ACA3A00AAEE84 /* Build configuration list for PBXProject "SmackChat" */;
			compatibilityVersion = "Xcode 9.3";
			developmentRegion = en;
			hasScannedForEncodings = 0;
			knownRegions = (
				en,
				Base,
			);
			mainGroup = E2ABB574238ACA3A00AAEE84;
			productRefGroup = E2ABB57E238ACA3A00AAEE84 /* Products */;
			projectDirPath = "";
			projectRoot = "";
			targets = (
				E2ABB57C238ACA3A00AAEE84 /* SmackChat */,
			);
		};
/* End PBXProject section */

/* Begin PBXResourcesBuildPhase section */
		E2ABB57B238ACA3A00AAEE84 /* Resources */ = {
			isa = PBXResourcesBuildPhase;
			buildActionMask = 2147483647;
			files = (
				E2ABB58D238ACA3B00AAEE84 /* LaunchScreen.storyboard in Resources */,
				E2DB5FB823B064C4002D502E /* GoogleService-Info.plist in Resources */,
				E2ABB58A238ACA3B00AAEE84 /* Assets.xcassets in Resources */,
				E2ABB588238ACA3A00AAEE84 /* Main.storyboard in Resources */,
			);
			runOnlyForDeploymentPostprocessing = 0;
		};
/* End PBXResourcesBuildPhase section */

/* Begin PBXShellScriptBuildPhase section */
		2C0C5508D2C94C6A4D8943ED /* [CP] Embed Pods Frameworks */ = {
			isa = PBXShellScriptBuildPhase;
			buildActionMask = 2147483647;
			files = (
			);
			inputFileListPaths = (
				"${PODS_ROOT}/Target Support Files/Pods-SmackChat/Pods-SmackChat-frameworks-${CONFIGURATION}-input-files.xcfilelist",
			);
			name = "[CP] Embed Pods Frameworks";
			outputFileListPaths = (
				"${PODS_ROOT}/Target Support Files/Pods-SmackChat/Pods-SmackChat-frameworks-${CONFIGURATION}-output-files.xcfilelist",
			);
			runOnlyForDeploymentPostprocessing = 0;
			shellPath = /bin/sh;
			shellScript = "\"${PODS_ROOT}/Target Support Files/Pods-SmackChat/Pods-SmackChat-frameworks.sh\"\n";
			showEnvVarsInLog = 0;
		};
		4C6E211EF7606A774734A2DB /* [CP] Check Pods Manifest.lock */ = {
			isa = PBXShellScriptBuildPhase;
			buildActionMask = 2147483647;
			files = (
			);
			inputFileListPaths = (
			);
			inputPaths = (
				"${PODS_PODFILE_DIR_PATH}/Podfile.lock",
				"${PODS_ROOT}/Manifest.lock",
			);
			name = "[CP] Check Pods Manifest.lock";
			outputFileListPaths = (
			);
			outputPaths = (
				"$(DERIVED_FILE_DIR)/Pods-SmackChat-checkManifestLockResult.txt",
			);
			runOnlyForDeploymentPostprocessing = 0;
			shellPath = /bin/sh;
			shellScript = "diff \"${PODS_PODFILE_DIR_PATH}/Podfile.lock\" \"${PODS_ROOT}/Manifest.lock\" > /dev/null\nif [ $? != 0 ] ; then\n    # print error to STDERR\n    echo \"error: The sandbox is not in sync with the Podfile.lock. Run 'pod install' or update your CocoaPods installation.\" >&2\n    exit 1\nfi\n# This output is used by Xcode 'outputs' to avoid re-running this script phase.\necho \"SUCCESS\" > \"${SCRIPT_OUTPUT_FILE_0}\"\n";
			showEnvVarsInLog = 0;
		};
/* End PBXShellScriptBuildPhase section */

/* Begin PBXSourcesBuildPhase section */
		E2ABB579238ACA3A00AAEE84 /* Sources */ = {
			isa = PBXSourcesBuildPhase;
			buildActionMask = 2147483647;
			files = (
				E2A26A952399E2FC0002BA3A /* AuthenticateServices.swift in Sources */,
				E24AE894238BC377008A6EFF /* ChatVC.swift in Sources */,
				E28FFBE923A21B110092F289 /* AvatarCell.swift in Sources */,
				E2ABB581238ACA3A00AAEE84 /* AppDelegate.swift in Sources */,
				E2E427E823AAF16100130044 /* PhotoCell.swift in Sources */,
				E2F41611238C2D6C00324E60 /* LoginVC.swift in Sources */,
				E2D7B84E238D898200B98044 /* CreatAccountVC.swift in Sources */,
				E2F4160C238C027800324E60 /* GradientView.swift in Sources */,
				E2EA2FE2239F3CE300C2EDB2 /* UserDataService.swift in Sources */,
				E2E3E81923B490D600D652E8 /* CurrentUserFirebase.swift in Sources */,
				E2050F24239B43DB0009D0EC /* RoundedButton.swift in Sources */,
				E20F1D8823AA80E90000DC17 /* PhotosViewController.swift in Sources */,
				E2ABB583238ACA3A00AAEE84 /* SceneDelegate.swift in Sources */,
				E2F4160F238C1D1B00324E60 /* Constants.swift in Sources */,
				E24AE890238BB809008A6EFF /* SWRevealViewController.m in Sources */,
				E2F023BB23B3A7B0006EA51B /* CircleImage.swift in Sources */,
				E24AE896238BC39E008A6EFF /* ChannelVC.swift in Sources */,
				E28FFBE723A216050092F289 /* AvatarPickerVC.swift in Sources */,
			);
			runOnlyForDeploymentPostprocessing = 0;
		};
/* End PBXSourcesBuildPhase section */

/* Begin PBXVariantGroup section */
		E2ABB586238ACA3A00AAEE84 /* Main.storyboard */ = {
			isa = PBXVariantGroup;
			children = (
				E2ABB587238ACA3A00AAEE84 /* Base */,
			);
			name = Main.storyboard;
			sourceTree = "<group>";
		};
		E2ABB58B238ACA3B00AAEE84 /* LaunchScreen.storyboard */ = {
			isa = PBXVariantGroup;
			children = (
				E2ABB58C238ACA3B00AAEE84 /* Base */,
			);
			name = LaunchScreen.storyboard;
			sourceTree = "<group>";
		};
/* End PBXVariantGroup section */

/* Begin XCBuildConfiguration section */
		E2ABB58F238ACA3B00AAEE84 /* Debug */ = {
			isa = XCBuildConfiguration;
			buildSettings = {
				ALWAYS_SEARCH_USER_PATHS = NO;
				CLANG_ANALYZER_NONNULL = YES;
				CLANG_ANALYZER_NUMBER_OBJECT_CONVERSION = YES_AGGRESSIVE;
				CLANG_CXX_LANGUAGE_STANDARD = "gnu++14";
				CLANG_CXX_LIBRARY = "libc++";
				CLANG_ENABLE_MODULES = YES;
				CLANG_ENABLE_OBJC_ARC = YES;
				CLANG_ENABLE_OBJC_WEAK = YES;
				CLANG_WARN_BLOCK_CAPTURE_AUTORELEASING = YES;
				CLANG_WARN_BOOL_CONVERSION = YES;
				CLANG_WARN_COMMA = YES;
				CLANG_WARN_CONSTANT_CONVERSION = YES;
				CLANG_WARN_DEPRECATED_OBJC_IMPLEMENTATIONS = YES;
				CLANG_WARN_DIRECT_OBJC_ISA_USAGE = YES_ERROR;
				CLANG_WARN_DOCUMENTATION_COMMENTS = YES;
				CLANG_WARN_EMPTY_BODY = YES;
				CLANG_WARN_ENUM_CONVERSION = YES;
				CLANG_WARN_INFINITE_RECURSION = YES;
				CLANG_WARN_INT_CONVERSION = YES;
				CLANG_WARN_NON_LITERAL_NULL_CONVERSION = YES;
				CLANG_WARN_OBJC_IMPLICIT_RETAIN_SELF = YES;
				CLANG_WARN_OBJC_LITERAL_CONVERSION = YES;
				CLANG_WARN_OBJC_ROOT_CLASS = YES_ERROR;
				CLANG_WARN_RANGE_LOOP_ANALYSIS = YES;
				CLANG_WARN_STRICT_PROTOTYPES = YES;
				CLANG_WARN_SUSPICIOUS_MOVE = YES;
				CLANG_WARN_UNGUARDED_AVAILABILITY = YES_AGGRESSIVE;
				CLANG_WARN_UNREACHABLE_CODE = YES;
				CLANG_WARN__DUPLICATE_METHOD_MATCH = YES;
				COPY_PHASE_STRIP = NO;
				DEBUG_INFORMATION_FORMAT = dwarf;
				ENABLE_STRICT_OBJC_MSGSEND = YES;
				ENABLE_TESTABILITY = YES;
				GCC_C_LANGUAGE_STANDARD = gnu11;
				GCC_DYNAMIC_NO_PIC = NO;
				GCC_NO_COMMON_BLOCKS = YES;
				GCC_OPTIMIZATION_LEVEL = 0;
				GCC_PREPROCESSOR_DEFINITIONS = (
					"DEBUG=1",
					"$(inherited)",
				);
				GCC_WARN_64_TO_32_BIT_CONVERSION = YES;
				GCC_WARN_ABOUT_RETURN_TYPE = YES_ERROR;
				GCC_WARN_UNDECLARED_SELECTOR = YES;
				GCC_WARN_UNINITIALIZED_AUTOS = YES_AGGRESSIVE;
				GCC_WARN_UNUSED_FUNCTION = YES;
				GCC_WARN_UNUSED_VARIABLE = YES;
				IPHONEOS_DEPLOYMENT_TARGET = 13.1;
				MTL_ENABLE_DEBUG_INFO = INCLUDE_SOURCE;
				MTL_FAST_MATH = YES;
				ONLY_ACTIVE_ARCH = YES;
				SDKROOT = iphoneos;
				SWIFT_ACTIVE_COMPILATION_CONDITIONS = DEBUG;
				SWIFT_OPTIMIZATION_LEVEL = "-Onone";
			};
			name = Debug;
		};
		E2ABB590238ACA3B00AAEE84 /* Release */ = {
			isa = XCBuildConfiguration;
			buildSettings = {
				ALWAYS_SEARCH_USER_PATHS = NO;
				CLANG_ANALYZER_NONNULL = YES;
				CLANG_ANALYZER_NUMBER_OBJECT_CONVERSION = YES_AGGRESSIVE;
				CLANG_CXX_LANGUAGE_STANDARD = "gnu++14";
				CLANG_CXX_LIBRARY = "libc++";
				CLANG_ENABLE_MODULES = YES;
				CLANG_ENABLE_OBJC_ARC = YES;
				CLANG_ENABLE_OBJC_WEAK = YES;
				CLANG_WARN_BLOCK_CAPTURE_AUTORELEASING = YES;
				CLANG_WARN_BOOL_CONVERSION = YES;
				CLANG_WARN_COMMA = YES;
				CLANG_WARN_CONSTANT_CONVERSION = YES;
				CLANG_WARN_DEPRECATED_OBJC_IMPLEMENTATIONS = YES;
				CLANG_WARN_DIRECT_OBJC_ISA_USAGE = YES_ERROR;
				CLANG_WARN_DOCUMENTATION_COMMENTS = YES;
				CLANG_WARN_EMPTY_BODY = YES;
				CLANG_WARN_ENUM_CONVERSION = YES;
				CLANG_WARN_INFINITE_RECURSION = YES;
				CLANG_WARN_INT_CONVERSION = YES;
				CLANG_WARN_NON_LITERAL_NULL_CONVERSION = YES;
				CLANG_WARN_OBJC_IMPLICIT_RETAIN_SELF = YES;
				CLANG_WARN_OBJC_LITERAL_CONVERSION = YES;
				CLANG_WARN_OBJC_ROOT_CLASS = YES_ERROR;
				CLANG_WARN_RANGE_LOOP_ANALYSIS = YES;
				CLANG_WARN_STRICT_PROTOTYPES = YES;
				CLANG_WARN_SUSPICIOUS_MOVE = YES;
				CLANG_WARN_UNGUARDED_AVAILABILITY = YES_AGGRESSIVE;
				CLANG_WARN_UNREACHABLE_CODE = YES;
				CLANG_WARN__DUPLICATE_METHOD_MATCH = YES;
				COPY_PHASE_STRIP = NO;
				DEBUG_INFORMATION_FORMAT = "dwarf-with-dsym";
				ENABLE_NS_ASSERTIONS = NO;
				ENABLE_STRICT_OBJC_MSGSEND = YES;
				GCC_C_LANGUAGE_STANDARD = gnu11;
				GCC_NO_COMMON_BLOCKS = YES;
				GCC_WARN_64_TO_32_BIT_CONVERSION = YES;
				GCC_WARN_ABOUT_RETURN_TYPE = YES_ERROR;
				GCC_WARN_UNDECLARED_SELECTOR = YES;
				GCC_WARN_UNINITIALIZED_AUTOS = YES_AGGRESSIVE;
				GCC_WARN_UNUSED_FUNCTION = YES;
				GCC_WARN_UNUSED_VARIABLE = YES;
				IPHONEOS_DEPLOYMENT_TARGET = 13.1;
				MTL_ENABLE_DEBUG_INFO = NO;
				MTL_FAST_MATH = YES;
				SDKROOT = iphoneos;
				SWIFT_COMPILATION_MODE = wholemodule;
				SWIFT_OPTIMIZATION_LEVEL = "-O";
				VALIDATE_PRODUCT = YES;
			};
			name = Release;
		};
		E2ABB592238ACA3B00AAEE84 /* Debug */ = {
			isa = XCBuildConfiguration;
			baseConfigurationReference = 79FA82AA609152F883547E46 /* Pods-SmackChat.debug.xcconfig */;
			buildSettings = {
				ASSETCATALOG_COMPILER_APPICON_NAME = AppIcon;
				CLANG_ENABLE_MODULES = YES;
				CODE_SIGN_STYLE = Automatic;
				INFOPLIST_FILE = SmackChat/Info.plist;
				IPHONEOS_DEPLOYMENT_TARGET = 10.3;
				LD_RUNPATH_SEARCH_PATHS = (
					"$(inherited)",
					"@executable_path/Frameworks",
				);
				PRODUCT_BUNDLE_IDENTIFIER = com.Ahmedanwar.SmackChat;
				PRODUCT_NAME = "$(TARGET_NAME)";
				SWIFT_OBJC_BRIDGING_HEADER = "SmackChat/Supporting Files/SmackChat-Bridging-Header.h";
				SWIFT_OPTIMIZATION_LEVEL = "-Onone";
				SWIFT_VERSION = 5.0;
				TARGETED_DEVICE_FAMILY = "1,2";
			};
			name = Debug;
		};
		E2ABB593238ACA3B00AAEE84 /* Release */ = {
			isa = XCBuildConfiguration;
			baseConfigurationReference = 483FFF3248D6022664D06EF8 /* Pods-SmackChat.release.xcconfig */;
			buildSettings = {
				ASSETCATALOG_COMPILER_APPICON_NAME = AppIcon;
				CLANG_ENABLE_MODULES = YES;
				CODE_SIGN_STYLE = Automatic;
				INFOPLIST_FILE = SmackChat/Info.plist;
				IPHONEOS_DEPLOYMENT_TARGET = 10.3;
				LD_RUNPATH_SEARCH_PATHS = (
					"$(inherited)",
					"@executable_path/Frameworks",
				);
				PRODUCT_BUNDLE_IDENTIFIER = com.Ahmedanwar.SmackChat;
				PRODUCT_NAME = "$(TARGET_NAME)";
				SWIFT_OBJC_BRIDGING_HEADER = "SmackChat/Supporting Files/SmackChat-Bridging-Header.h";
				SWIFT_VERSION = 5.0;
				TARGETED_DEVICE_FAMILY = "1,2";
			};
			name = Release;
		};
/* End XCBuildConfiguration section */

/* Begin XCConfigurationList section */
		E2ABB578238ACA3A00AAEE84 /* Build configuration list for PBXProject "SmackChat" */ = {
			isa = XCConfigurationList;
			buildConfigurations = (
				E2ABB58F238ACA3B00AAEE84 /* Debug */,
				E2ABB590238ACA3B00AAEE84 /* Release */,
			);
			defaultConfigurationIsVisible = 0;
			defaultConfigurationName = Release;
		};
		E2ABB591238ACA3B00AAEE84 /* Build configuration list for PBXNativeTarget "SmackChat" */ = {
			isa = XCConfigurationList;
			buildConfigurations = (
				E2ABB592238ACA3B00AAEE84 /* Debug */,
				E2ABB593238ACA3B00AAEE84 /* Release */,
			);
			defaultConfigurationIsVisible = 0;
			defaultConfigurationName = Release;
		};
/* End XCConfigurationList section */
	};
	rootObject = E2ABB575238ACA3A00AAEE84 /* Project object */;
}
